
Microsoft Visual Studio Solution File, Format Version 12.00
# Visual Studio Version 16
VisualStudioVersion = 16.0.30320.27
MinimumVisualStudioVersion = 10.0.40219.1
Project("{FAE04EC0-301F-11D3-BF4B-00C04F79EFBC}") = "ZealandProjectClassLibrary", "..\ZealandProjectClassLibrary\ZealandProjectClassLibrary.csproj", "{3F97BF7F-F03C-474D-8E4E-E244BBA18BE5}"
EndProject
Project("{FAE04EC0-301F-11D3-BF4B-00C04F79EFBC}") = "ZealandProjectDBRestService", "..\ZealandProjectDBRestService\ZealandProjectDBRestService.csproj", "{D33C859F-D704-4DC2-ADF1-6E4360C6D8DA}"
EndProject
Project("{FAE04EC0-301F-11D3-BF4B-00C04F79EFBC}") = "ZealandProjectClient", "..\ZealandProjectClient\ZealandProjectClient.csproj", "{456A2906-1089-4A77-8A4D-81F989F00A17}"
EndProject
Global
	GlobalSection(SolutionConfigurationPlatforms) = preSolution
		Debug|Any CPU = Debug|Any CPU
		Debug|ARM = Debug|ARM
		Debug|ARM64 = Debug|ARM64
		Debug|x64 = Debug|x64
		Debug|x86 = Debug|x86
		Release|Any CPU = Release|Any CPU
		Release|ARM = Release|ARM
		Release|ARM64 = Release|ARM64
		Release|x64 = Release|x64
		Release|x86 = Release|x86
	EndGlobalSection
	GlobalSection(ProjectConfigurationPlatforms) = postSolution
		{3F97BF7F-F03C-474D-8E4E-E244BBA18BE5}.Debug|Any CPU.ActiveCfg = Debug|Any CPU
		{3F97BF7F-F03C-474D-8E4E-E244BBA18BE5}.Debug|Any CPU.Build.0 = Debug|Any CPU
		{3F97BF7F-F03C-474D-8E4E-E244BBA18BE5}.Debug|ARM.ActiveCfg = Debug|ARM
		{3F97BF7F-F03C-474D-8E4E-E244BBA18BE5}.Debug|ARM.Build.0 = Debug|ARM
		{3F97BF7F-F03C-474D-8E4E-E244BBA18BE5}.Debug|ARM64.ActiveCfg = Debug|ARM64
		{3F97BF7F-F03C-474D-8E4E-E244BBA18BE5}.Debug|ARM64.Build.0 = Debug|ARM64
		{3F97BF7F-F03C-474D-8E4E-E244BBA18BE5}.Debug|x64.ActiveCfg = Debug|x64
		{3F97BF7F-F03C-474D-8E4E-E244BBA18BE5}.Debug|x64.Build.0 = Debug|x64
		{3F97BF7F-F03C-474D-8E4E-E244BBA18BE5}.Debug|x86.ActiveCfg = Debug|x86
		{3F97BF7F-F03C-474D-8E4E-E244BBA18BE5}.Debug|x86.Build.0 = Debug|x86
		{3F97BF7F-F03C-474D-8E4E-E244BBA18BE5}.Release|Any CPU.ActiveCfg = Release|Any CPU
		{3F97BF7F-F03C-474D-8E4E-E244BBA18BE5}.Release|Any CPU.Build.0 = Release|Any CPU
		{3F97BF7F-F03C-474D-8E4E-E244BBA18BE5}.Release|ARM.ActiveCfg = Release|ARM
		{3F97BF7F-F03C-474D-8E4E-E244BBA18BE5}.Release|ARM.Build.0 = Release|ARM
		{3F97BF7F-F03C-474D-8E4E-E244BBA18BE5}.Release|ARM64.ActiveCfg = Release|ARM64
		{3F97BF7F-F03C-474D-8E4E-E244BBA18BE5}.Release|ARM64.Build.0 = Release|ARM64
		{3F97BF7F-F03C-474D-8E4E-E244BBA18BE5}.Release|x64.ActiveCfg = Debug|x64
		{3F97BF7F-F03C-474D-8E4E-E244BBA18BE5}.Release|x64.Build.0 = Debug|x64
		{3F97BF7F-F03C-474D-8E4E-E244BBA18BE5}.Release|x86.ActiveCfg = Release|x86
		{3F97BF7F-F03C-474D-8E4E-E244BBA18BE5}.Release|x86.Build.0 = Release|x86
		{D33C859F-D704-4DC2-ADF1-6E4360C6D8DA}.Debug|Any CPU.ActiveCfg = Debug|Any CPU
		{D33C859F-D704-4DC2-ADF1-6E4360C6D8DA}.Debug|Any CPU.Build.0 = Debug|Any CPU
		{D33C859F-D704-4DC2-ADF1-6E4360C6D8DA}.Debug|ARM.ActiveCfg = Debug|Any CPU
		{D33C859F-D704-4DC2-ADF1-6E4360C6D8DA}.Debug|ARM.Build.0 = Debug|Any CPU
		{D33C859F-D704-4DC2-ADF1-6E4360C6D8DA}.Debug|ARM64.ActiveCfg = Debug|Any CPU
		{D33C859F-D704-4DC2-ADF1-6E4360C6D8DA}.Debug|ARM64.Build.0 = Debug|Any CPU
		{D33C859F-D704-4DC2-ADF1-6E4360C6D8DA}.Debug|x64.ActiveCfg = Debug|Any CPU
		{D33C859F-D704-4DC2-ADF1-6E4360C6D8DA}.Debug|x64.Build.0 = Debug|Any CPU
		{D33C859F-D704-4DC2-ADF1-6E4360C6D8DA}.Debug|x86.ActiveCfg = Debug|Any CPU
		{D33C859F-D704-4DC2-ADF1-6E4360C6D8DA}.Debug|x86.Build.0 = Debug|Any CPU
		{D33C859F-D704-4DC2-ADF1-6E4360C6D8DA}.Release|Any CPU.ActiveCfg = Release|Any CPU
		{D33C859F-D704-4DC2-ADF1-6E4360C6D8DA}.Release|Any CPU.Build.0 = Release|Any CPU
		{D33C859F-D704-4DC2-ADF1-6E4360C6D8DA}.Release|ARM.ActiveCfg = Release|Any CPU
		{D33C859F-D704-4DC2-ADF1-6E4360C6D8DA}.Release|ARM.Build.0 = Release|Any CPU
		{D33C859F-D704-4DC2-ADF1-6E4360C6D8DA}.Release|ARM64.ActiveCfg = Release|Any CPU
		{D33C859F-D704-4DC2-ADF1-6E4360C6D8DA}.Release|ARM64.Build.0 = Release|Any CPU
		{D33C859F-D704-4DC2-ADF1-6E4360C6D8DA}.Release|x64.ActiveCfg = Debug|Any CPU
		{D33C859F-D704-4DC2-ADF1-6E4360C6D8DA}.Release|x86.ActiveCfg = Release|Any CPU
		{D33C859F-D704-4DC2-ADF1-6E4360C6D8DA}.Release|x86.Build.0 = Release|Any CPU
		{456A2906-1089-4A77-8A4D-81F989F00A17}.Debug|Any CPU.ActiveCfg = Debug|x86
		{456A2906-1089-4A77-8A4D-81F989F00A17}.Debug|ARM.ActiveCfg = Debug|ARM
		{456A2906-1089-4A77-8A4D-81F989F00A17}.Debug|ARM.Build.0 = Debug|ARM
		{456A2906-1089-4A77-8A4D-81F989F00A17}.Debug|ARM.Deploy.0 = Debug|ARM
		{456A2906-1089-4A77-8A4D-81F989F00A17}.Debug|ARM64.ActiveCfg = Debug|ARM64
		{456A2906-1089-4A77-8A4D-81F989F00A17}.Debug|ARM64.Build.0 = Debug|ARM64
		{456A2906-1089-4A77-8A4D-81F989F00A17}.Debug|ARM64.Deploy.0 = Debug|ARM64
		{456A2906-1089-4A77-8A4D-81F989F00A17}.Debug|x64.ActiveCfg = Debug|x64
		{456A2906-1089-4A77-8A4D-81F989F00A17}.Debug|x64.Build.0 = Debug|x64
		{456A2906-1089-4A77-8A4D-81F989F00A17}.Debug|x64.Deploy.0 = Debug|x64
		{456A2906-1089-4A77-8A4D-81F989F00A17}.Debug|x86.ActiveCfg = Debug|x86
		{456A2906-1089-4A77-8A4D-81F989F00A17}.Debug|x86.Build.0 = Debug|x86
		{456A2906-1089-4A77-8A4D-81F989F00A17}.Debug|x86.Deploy.0 = Debug|x86
		{456A2906-1089-4A77-8A4D-81F989F00A17}.Release|Any CPU.ActiveCfg = Release|x86
		{456A2906-1089-4A77-8A4D-81F989F00A17}.Release|ARM.ActiveCfg = Release|ARM
		{456A2906-1089-4A77-8A4D-81F989F00A17}.Release|ARM.Build.0 = Release|ARM
		{456A2906-1089-4A77-8A4D-81F989F00A17}.Release|ARM.Deploy.0 = Release|ARM
		{456A2906-1089-4A77-8A4D-81F989F00A17}.Release|ARM64.ActiveCfg = Release|ARM64
		{456A2906-1089-4A77-8A4D-81F989F00A17}.Release|ARM64.Build.0 = Release|ARM64
		{456A2906-1089-4A77-8A4D-81F989F00A17}.Release|ARM64.Deploy.0 = Release|ARM64
		{456A2906-1089-4A77-8A4D-81F989F00A17}.Release|x64.ActiveCfg = Debug|x64
		{456A2906-1089-4A77-8A4D-81F989F00A17}.Release|x64.Build.0 = Debug|x64
		{456A2906-1089-4A77-8A4D-81F989F00A17}.Release|x64.Deploy.0 = Debug|x64
		{456A2906-1089-4A77-8A4D-81F989F00A17}.Release|x86.ActiveCfg = Release|x86
		{456A2906-1089-4A77-8A4D-81F989F00A17}.Release|x86.Build.0 = Release|x86
		{456A2906-1089-4A77-8A4D-81F989F00A17}.Release|x86.Deploy.0 = Release|x86
	EndGlobalSection
	GlobalSection(SolutionProperties) = preSolution
		HideSolutionNode = FALSE
	EndGlobalSection
	GlobalSection(ExtensibilityGlobals) = postSolution
		SolutionGuid = {8F6FD2D3-C4A0-4A78-89E9-3EE9E7982DB9}
	EndGlobalSection
EndGlobal
